
Microsoft Visual Studio Solution File, Format Version 12.00
# Visual Studio Version 17
VisualStudioVersion = 17.9.34622.214
MinimumVisualStudioVersion = 10.0.40219.1
Project("{8BC9CEB8-8B4A-11D0-8D11-00A0C91BC942}") = "lab_work14", "lab_work14\lab_work14.vcxproj", "{7FE206BA-21A4-4DF3-943E-DB80B1D55F48}"
EndProject
Project("{8BC9CEB8-8B4A-11D0-8D11-00A0C91BC942}") = "lab_work14_dop3", "lab_work14_dop3\lab_work14_dop3.vcxproj", "{823FBF7B-918E-430A-B702-9B7594C5B312}"
EndProject
Project("{8BC9CEB8-8B4A-11D0-8D11-00A0C91BC942}") = "lab_work14_dop2", "lab_work14_dop2\lab_work14_dop2.vcxproj", "{241977FA-CA8A-4CA8-8CF8-474763367D42}"
EndProject
Project("{8BC9CEB8-8B4A-11D0-8D11-00A0C91BC942}") = "lab_work14_dop1", "lab_work_14_dop1\lab_work_14_dop1.vcxproj", "{15BB478F-7310-46E7-9CE6-DF1BCE1D3C41}"
EndProject
Global
	GlobalSection(SolutionConfigurationPlatforms) = preSolution
		Debug|x64 = Debug|x64
		Debug|x86 = Debug|x86
		Release|x64 = Release|x64
		Release|x86 = Release|x86
	EndGlobalSection
	GlobalSection(ProjectConfigurationPlatforms) = postSolution
		{7FE206BA-21A4-4DF3-943E-DB80B1D55F48}.Debug|x64.ActiveCfg = Debug|x64
		{7FE206BA-21A4-4DF3-943E-DB80B1D55F48}.Debug|x64.Build.0 = Debug|x64
		{7FE206BA-21A4-4DF3-943E-DB80B1D55F48}.Debug|x86.ActiveCfg = Debug|Win32
		{7FE206BA-21A4-4DF3-943E-DB80B1D55F48}.Debug|x86.Build.0 = Debug|Win32
		{7FE206BA-21A4-4DF3-943E-DB80B1D55F48}.Release|x64.ActiveCfg = Release|x64
		{7FE206BA-21A4-4DF3-943E-DB80B1D55F48}.Release|x64.Build.0 = Release|x64
		{7FE206BA-21A4-4DF3-943E-DB80B1D55F48}.Release|x86.ActiveCfg = Release|Win32
		{7FE206BA-21A4-4DF3-943E-DB80B1D55F48}.Release|x86.Build.0 = Release|Win32
		{823FBF7B-918E-430A-B702-9B7594C5B312}.Debug|x64.ActiveCfg = Debug|x64
		{823FBF7B-918E-430A-B702-9B7594C5B312}.Debug|x64.Build.0 = Debug|x64
		{823FBF7B-918E-430A-B702-9B7594C5B312}.Debug|x86.ActiveCfg = Debug|Win32
		{823FBF7B-918E-430A-B702-9B7594C5B312}.Debug|x86.Build.0 = Debug|Win32
		{823FBF7B-918E-430A-B702-9B7594C5B312}.Release|x64.ActiveCfg = Release|x64
		{823FBF7B-918E-430A-B702-9B7594C5B312}.Release|x64.Build.0 = Release|x64
		{823FBF7B-918E-430A-B702-9B7594C5B312}.Release|x86.ActiveCfg = Release|Win32
		{823FBF7B-918E-430A-B702-9B7594C5B312}.Release|x86.Build.0 = Release|Win32
		{241977FA-CA8A-4CA8-8CF8-474763367D42}.Debug|x64.ActiveCfg = Debug|x64
		{241977FA-CA8A-4CA8-8CF8-474763367D42}.Debug|x64.Build.0 = Debug|x64
		{241977FA-CA8A-4CA8-8CF8-474763367D42}.Debug|x86.ActiveCfg = Debug|Win32
		{241977FA-CA8A-4CA8-8CF8-474763367D42}.Debug|x86.Build.0 = Debug|Win32
		{241977FA-CA8A-4CA8-8CF8-474763367D42}.Release|x64.ActiveCfg = Release|x64
		{241977FA-CA8A-4CA8-8CF8-474763367D42}.Release|x64.Build.0 = Release|x64
		{241977FA-CA8A-4CA8-8CF8-474763367D42}.Release|x86.ActiveCfg = Release|Win32
		{241977FA-CA8A-4CA8-8CF8-474763367D42}.Release|x86.Build.0 = Release|Win32
		{15BB478F-7310-46E7-9CE6-DF1BCE1D3C41}.Debug|x64.ActiveCfg = Debug|x64
		{15BB478F-7310-46E7-9CE6-DF1BCE1D3C41}.Debug|x64.Build.0 = Debug|x64
		{15BB478F-7310-46E7-9CE6-DF1BCE1D3C41}.Debug|x86.ActiveCfg = Debug|Win32
		{15BB478F-7310-46E7-9CE6-DF1BCE1D3C41}.Debug|x86.Build.0 = Debug|Win32
		{15BB478F-7310-46E7-9CE6-DF1BCE1D3C41}.Release|x64.ActiveCfg = Release|x64
		{15BB478F-7310-46E7-9CE6-DF1BCE1D3C41}.Release|x64.Build.0 = Release|x64
		{15BB478F-7310-46E7-9CE6-DF1BCE1D3C41}.Release|x86.ActiveCfg = Release|Win32
		{15BB478F-7310-46E7-9CE6-DF1BCE1D3C41}.Release|x86.Build.0 = Release|Win32
	EndGlobalSection
	GlobalSection(SolutionProperties) = preSolution
		HideSolutionNode = FALSE
	EndGlobalSection
	GlobalSection(ExtensibilityGlobals) = postSolution
		SolutionGuid = {611A7E53-9034-4164-B31D-073D0A25BCBB}
	EndGlobalSection
EndGlobal
