
Microsoft Visual Studio Solution File, Format Version 12.00
# Visual Studio Version 17
VisualStudioVersion = 17.9.34622.214
MinimumVisualStudioVersion = 10.0.40219.1
Project("{8BC9CEB8-8B4A-11D0-8D11-00A0C91BC942}") = "Application3_files", "Application3_files\Application3_files.vcxproj", "{BEB259AF-4082-4846-9FA8-8C01E39F81E6}"
EndProject
Global
	GlobalSection(SolutionConfigurationPlatforms) = preSolution
		Debug|x64 = Debug|x64
		Debug|x86 = Debug|x86
		Release|x64 = Release|x64
		Release|x86 = Release|x86
	EndGlobalSection
	GlobalSection(ProjectConfigurationPlatforms) = postSolution
		{BEB259AF-4082-4846-9FA8-8C01E39F81E6}.Debug|x64.ActiveCfg = Debug|x64
		{BEB259AF-4082-4846-9FA8-8C01E39F81E6}.Debug|x64.Build.0 = Debug|x64
		{BEB259AF-4082-4846-9FA8-8C01E39F81E6}.Debug|x86.ActiveCfg = Debug|Win32
		{BEB259AF-4082-4846-9FA8-8C01E39F81E6}.Debug|x86.Build.0 = Debug|Win32
		{BEB259AF-4082-4846-9FA8-8C01E39F81E6}.Release|x64.ActiveCfg = Release|x64
		{BEB259AF-4082-4846-9FA8-8C01E39F81E6}.Release|x64.Build.0 = Release|x64
		{BEB259AF-4082-4846-9FA8-8C01E39F81E6}.Release|x86.ActiveCfg = Release|Win32
		{BEB259AF-4082-4846-9FA8-8C01E39F81E6}.Release|x86.Build.0 = Release|Win32
	EndGlobalSection
	GlobalSection(SolutionProperties) = preSolution
		HideSolutionNode = FALSE
	EndGlobalSection
	GlobalSection(ExtensibilityGlobals) = postSolution
		SolutionGuid = {00EE1758-6A98-4C42-894C-AC762C699359}
	EndGlobalSection
EndGlobal
